
Microsoft Visual Studio Solution File, Format Version 12.00
# Visual Studio Version 17
VisualStudioVersion = 17.1.32328.378
MinimumVisualStudioVersion = 10.0.40219.1
Project("{FAE04EC0-301F-11D3-BF4B-00C04F79EFBC}") = "TerminZaVozacka", "TerminZaVozacka\TerminZaVozacka.csproj", "{690BB213-0DCE-4B2A-B4ED-5F63252B24F1}"
EndProject
Global
	GlobalSection(SolutionConfigurationPlatforms) = preSolution
		Debug|Any CPU = Debug|Any CPU
		Release|Any CPU = Release|Any CPU
	EndGlobalSection
	GlobalSection(ProjectConfigurationPlatforms) = postSolution
		{690BB213-0DCE-4B2A-B4ED-5F63252B24F1}.Debug|Any CPU.ActiveCfg = Debug|Any CPU
		{690BB213-0DCE-4B2A-B4ED-5F63252B24F1}.Debug|Any CPU.Build.0 = Debug|Any CPU
		{690BB213-0DCE-4B2A-B4ED-5F63252B24F1}.Release|Any CPU.ActiveCfg = Release|Any CPU
		{690BB213-0DCE-4B2A-B4ED-5F63252B24F1}.Release|Any CPU.Build.0 = Release|Any CPU
	EndGlobalSection
	GlobalSection(SolutionProperties) = preSolution
		HideSolutionNode = FALSE
	EndGlobalSection
	GlobalSection(ExtensibilityGlobals) = postSolution
		SolutionGuid = {91B2A491-A089-4DD7-AB4C-0B3849306912}
	EndGlobalSection
EndGlobal
